
Microsoft Visual Studio Solution File, Format Version 12.00
# Visual Studio Version 16
VisualStudioVersion = 16.0.30517.126
MinimumVisualStudioVersion = 10.0.40219.1
Project("{9A19103F-16F7-4668-BE54-9A1E7A4F7556}") = "NASA", "NASA.csproj", "{A13C7CE1-4D55-4436-89C5-38A68AF89E4B}"
EndProject
Project("{FAE04EC0-301F-11D3-BF4B-00C04F79EFBC}") = "NASAAsyncC.NETTest", "..\NASAAsyncC.NETTest\NASAAsyncC.NETTest.csproj", "{1D69E9AF-F873-4552-866D-D8570C2E340E}"
EndProject
Global
	GlobalSection(SolutionConfigurationPlatforms) = preSolution
		Debug|Any CPU = Debug|Any CPU
		Release|Any CPU = Release|Any CPU
	EndGlobalSection
	GlobalSection(ProjectConfigurationPlatforms) = postSolution
		{A13C7CE1-4D55-4436-89C5-38A68AF89E4B}.Debug|Any CPU.ActiveCfg = Debug|Any CPU
		{A13C7CE1-4D55-4436-89C5-38A68AF89E4B}.Debug|Any CPU.Build.0 = Debug|Any CPU
		{A13C7CE1-4D55-4436-89C5-38A68AF89E4B}.Release|Any CPU.ActiveCfg = Release|Any CPU
		{A13C7CE1-4D55-4436-89C5-38A68AF89E4B}.Release|Any CPU.Build.0 = Release|Any CPU
		{1D69E9AF-F873-4552-866D-D8570C2E340E}.Debug|Any CPU.ActiveCfg = Debug|Any CPU
		{1D69E9AF-F873-4552-866D-D8570C2E340E}.Debug|Any CPU.Build.0 = Debug|Any CPU
		{1D69E9AF-F873-4552-866D-D8570C2E340E}.Release|Any CPU.ActiveCfg = Release|Any CPU
		{1D69E9AF-F873-4552-866D-D8570C2E340E}.Release|Any CPU.Build.0 = Release|Any CPU
	EndGlobalSection
	GlobalSection(SolutionProperties) = preSolution
		HideSolutionNode = FALSE
	EndGlobalSection
	GlobalSection(ExtensibilityGlobals) = postSolution
		SolutionGuid = {3D881613-9B6B-4C90-A0F9-635C5509BEBD}
	EndGlobalSection
EndGlobal
